
Microsoft Visual Studio Solution File, Format Version 12.00
# Visual Studio 2012
Project("{f2a71f9b-5d33-465a-a702-920d77279786}") = "fjson", "fjson.fsproj", "{A571EE3C-F98A-486D-ADBE-691602E2F9D9}"
EndProject
Project("{f2a71f9b-5d33-465a-a702-920d77279786}") = "Test", "Test\Test.fsproj", "{9577C898-DE7B-43AE-A063-EF32F40D1F02}"
EndProject
Project("{f2a71f9b-5d33-465a-a702-920d77279786}") = "TestConsole", "TestConsole\TestConsole.fsproj", "{5F703BC2-2080-49F3-B779-A9DB1F5F991F}"
EndProject
Global
	GlobalSection(SolutionConfigurationPlatforms) = preSolution
		Debug|Any CPU = Debug|Any CPU
		Release|Any CPU = Release|Any CPU
	EndGlobalSection
	GlobalSection(ProjectConfigurationPlatforms) = postSolution
		{5F703BC2-2080-49F3-B779-A9DB1F5F991F}.Debug|Any CPU.ActiveCfg = Debug|Any CPU
		{5F703BC2-2080-49F3-B779-A9DB1F5F991F}.Debug|Any CPU.Build.0 = Debug|Any CPU
		{5F703BC2-2080-49F3-B779-A9DB1F5F991F}.Release|Any CPU.ActiveCfg = Release|Any CPU
		{5F703BC2-2080-49F3-B779-A9DB1F5F991F}.Release|Any CPU.Build.0 = Release|Any CPU
		{9577C898-DE7B-43AE-A063-EF32F40D1F02}.Debug|Any CPU.ActiveCfg = Debug|Any CPU
		{9577C898-DE7B-43AE-A063-EF32F40D1F02}.Debug|Any CPU.Build.0 = Debug|Any CPU
		{9577C898-DE7B-43AE-A063-EF32F40D1F02}.Release|Any CPU.ActiveCfg = Release|Any CPU
		{9577C898-DE7B-43AE-A063-EF32F40D1F02}.Release|Any CPU.Build.0 = Release|Any CPU
		{A571EE3C-F98A-486D-ADBE-691602E2F9D9}.Debug|Any CPU.ActiveCfg = Debug|Any CPU
		{A571EE3C-F98A-486D-ADBE-691602E2F9D9}.Debug|Any CPU.Build.0 = Debug|Any CPU
		{A571EE3C-F98A-486D-ADBE-691602E2F9D9}.Release|Any CPU.ActiveCfg = Release|Any CPU
		{A571EE3C-F98A-486D-ADBE-691602E2F9D9}.Release|Any CPU.Build.0 = Release|Any CPU
	EndGlobalSection
EndGlobal
